// !$*UTF8*$!
{
	archiveVersion = 1;
	classes = {
	};
	objectVersion = 55;
	objects = {

/* Begin PBXBuildFile section */
		1D10D7D22A99896E00C0B7D7 /* RFBLDCApp.swift in Sources */ = {isa = PBXBuildFile; fileRef = 1D10D7D12A99896E00C0B7D7 /* RFBLDCApp.swift */; };
		1D10D7D42A99896E00C0B7D7 /* ContentView.swift in Sources */ = {isa = PBXBuildFile; fileRef = 1D10D7D32A99896E00C0B7D7 /* ContentView.swift */; };
		1D10D7D62A99897000C0B7D7 /* Assets.xcassets in Resources */ = {isa = PBXBuildFile; fileRef = 1D10D7D52A99897000C0B7D7 /* Assets.xcassets */; };
		1D10D7D92A99897000C0B7D7 /* Preview Assets.xcassets in Resources */ = {isa = PBXBuildFile; fileRef = 1D10D7D82A99897000C0B7D7 /* Preview Assets.xcassets */; };
		1D10D7E32A99897000C0B7D7 /* RFBLDCTests.swift in Sources */ = {isa = PBXBuildFile; fileRef = 1D10D7E22A99897000C0B7D7 /* RFBLDCTests.swift */; };
		1D10D7ED2A99897000C0B7D7 /* RFBLDCUITests.swift in Sources */ = {isa = PBXBuildFile; fileRef = 1D10D7EC2A99897000C0B7D7 /* RFBLDCUITests.swift */; };
		1D10D7EF2A99897000C0B7D7 /* RFBLDCUITestsLaunchTests.swift in Sources */ = {isa = PBXBuildFile; fileRef = 1D10D7EE2A99897000C0B7D7 /* RFBLDCUITestsLaunchTests.swift */; };
		1DBA360C2AF7BB92006148D9 /* SplashScreenView.swift in Sources */ = {isa = PBXBuildFile; fileRef = 1DBA360B2AF7BB92006148D9 /* SplashScreenView.swift */; };
/* End PBXBuildFile section */

/* Begin PBXContainerItemProxy section */
		1D10D7DF2A99897000C0B7D7 /* PBXContainerItemProxy */ = {
			isa = PBXContainerItemProxy;
			containerPortal = 1D10D7C62A99896E00C0B7D7 /* Project object */;
			proxyType = 1;
			remoteGlobalIDString = 1D10D7CD2A99896E00C0B7D7;
			remoteInfo = RFBLDC;
		};
		1D10D7E92A99897000C0B7D7 /* PBXContainerItemProxy */ = {
			isa = PBXContainerItemProxy;
			containerPortal = 1D10D7C62A99896E00C0B7D7 /* Project object */;
			proxyType = 1;
			remoteGlobalIDString = 1D10D7CD2A99896E00C0B7D7;
			remoteInfo = RFBLDC;
		};
/* End PBXContainerItemProxy section */

/* Begin PBXFileReference section */
		1D10D7CE2A99896E00C0B7D7 /* RFBLDC.app */ = {isa = PBXFileReference; explicitFileType = wrapper.application; includeInIndex = 0; path = RFBLDC.app; sourceTree = BUILT_PRODUCTS_DIR; };
		1D10D7D12A99896E00C0B7D7 /* RFBLDCApp.swift */ = {isa = PBXFileReference; lastKnownFileType = sourcecode.swift; path = RFBLDCApp.swift; sourceTree = "<group>"; };
		1D10D7D32A99896E00C0B7D7 /* ContentView.swift */ = {isa = PBXFileReference; lastKnownFileType = sourcecode.swift; path = ContentView.swift; sourceTree = "<group>"; };
		1D10D7D52A99897000C0B7D7 /* Assets.xcassets */ = {isa = PBXFileReference; lastKnownFileType = folder.assetcatalog; path = Assets.xcassets; sourceTree = "<group>"; };
		1D10D7D82A99897000C0B7D7 /* Preview Assets.xcassets */ = {isa = PBXFileReference; lastKnownFileType = folder.assetcatalog; path = "Preview Assets.xcassets"; sourceTree = "<group>"; };
		1D10D7DE2A99897000C0B7D7 /* RFBLDCTests.xctest */ = {isa = PBXFileReference; explicitFileType = wrapper.cfbundle; includeInIndex = 0; path = RFBLDCTests.xctest; sourceTree = BUILT_PRODUCTS_DIR; };
		1D10D7E22A99897000C0B7D7 /* RFBLDCTests.swift */ = {isa = PBXFileReference; lastKnownFileType = sourcecode.swift; path = RFBLDCTests.swift; sourceTree = "<group>"; };
		1D10D7E82A99897000C0B7D7 /* RFBLDCUITests.xctest */ = {isa = PBXFileReference; explicitFileType = wrapper.cfbundle; includeInIndex = 0; path = RFBLDCUITests.xctest; sourceTree = BUILT_PRODUCTS_DIR; };
		1D10D7EC2A99897000C0B7D7 /* RFBLDCUITests.swift */ = {isa = PBXFileReference; lastKnownFileType = sourcecode.swift; path = RFBLDCUITests.swift; sourceTree = "<group>"; };
		1D10D7EE2A99897000C0B7D7 /* RFBLDCUITestsLaunchTests.swift */ = {isa = PBXFileReference; lastKnownFileType = sourcecode.swift; path = RFBLDCUITestsLaunchTests.swift; sourceTree = "<group>"; };
		1DBA360B2AF7BB92006148D9 /* SplashScreenView.swift */ = {isa = PBXFileReference; lastKnownFileType = sourcecode.swift; path = SplashScreenView.swift; sourceTree = "<group>"; };
		1DC9A3442AF7A6BA002C4181 /* Info.plist */ = {isa = PBXFileReference; lastKnownFileType = text.plist; path = Info.plist; sourceTree = "<group>"; };
/* End PBXFileReference section */

/* Begin PBXFrameworksBuildPhase section */
		1D10D7CB2A99896E00C0B7D7 /* Frameworks */ = {
			isa = PBXFrameworksBuildPhase;
			buildActionMask = 2147483647;
			files = (
			);
			runOnlyForDeploymentPostprocessing = 0;
		};
		1D10D7DB2A99897000C0B7D7 /* Frameworks */ = {
			isa = PBXFrameworksBuildPhase;
			buildActionMask = 2147483647;
			files = (
			);
			runOnlyForDeploymentPostprocessing = 0;
		};
		1D10D7E52A99897000C0B7D7 /* Frameworks */ = {
			isa = PBXFrameworksBuildPhase;
			buildActionMask = 2147483647;
			files = (
			);
			runOnlyForDeploymentPostprocessing = 0;
		};
/* End PBXFrameworksBuildPhase section */

/* Begin PBXGroup section */
		1D10D7C52A99896E00C0B7D7 = {
			isa = PBXGroup;
			children = (
				1D10D7D02A99896E00C0B7D7 /* RFBLDC */,
				1D10D7E12A99897000C0B7D7 /* RFBLDCTests */,
				1D10D7EB2A99897000C0B7D7 /* RFBLDCUITests */,
				1D10D7CF2A99896E00C0B7D7 /* Products */,
			);
			sourceTree = "<group>";
		};
		1D10D7CF2A99896E00C0B7D7 /* Products */ = {
			isa = PBXGroup;
			children = (
				1D10D7CE2A99896E00C0B7D7 /* RFBLDC.app */,
				1D10D7DE2A99897000C0B7D7 /* RFBLDCTests.xctest */,
				1D10D7E82A99897000C0B7D7 /* RFBLDCUITests.xctest */,
			);
			name = Products;
			sourceTree = "<group>";
		};
		1D10D7D02A99896E00C0B7D7 /* RFBLDC */ = {
			isa = PBXGroup;
			children = (
				1DC9A3442AF7A6BA002C4181 /* Info.plist */,
				1D10D7D32A99896E00C0B7D7 /* ContentView.swift */,
				1D10D7D12A99896E00C0B7D7 /* RFBLDCApp.swift */,
				1DBA360B2AF7BB92006148D9 /* SplashScreenView.swift */,
				1D10D7D52A99897000C0B7D7 /* Assets.xcassets */,
				1D10D7D72A99897000C0B7D7 /* Preview Content */,
			);
			path = RFBLDC;
			sourceTree = "<group>";
		};
		1D10D7D72A99897000C0B7D7 /* Preview Content */ = {
			isa = PBXGroup;
			children = (
				1D10D7D82A99897000C0B7D7 /* Preview Assets.xcassets */,
			);
			path = "Preview Content";
			sourceTree = "<group>";
		};
		1D10D7E12A99897000C0B7D7 /* RFBLDCTests */ = {
			isa = PBXGroup;
			children = (
				1D10D7E22A99897000C0B7D7 /* RFBLDCTests.swift */,
			);
			path = RFBLDCTests;
			sourceTree = "<group>";
		};
		1D10D7EB2A99897000C0B7D7 /* RFBLDCUITests */ = {
			isa = PBXGroup;
			children = (
				1D10D7EC2A99897000C0B7D7 /* RFBLDCUITests.swift */,
				1D10D7EE2A99897000C0B7D7 /* RFBLDCUITestsLaunchTests.swift */,
			);
			path = RFBLDCUITests;
			sourceTree = "<group>";
		};
/* End PBXGroup section */

/* Begin PBXNativeTarget section */
		1D10D7CD2A99896E00C0B7D7 /* RFBLDC */ = {
			isa = PBXNativeTarget;
			buildConfigurationList = 1D10D7F22A99897000C0B7D7 /* Build configuration list for PBXNativeTarget "RFBLDC" */;
			buildPhases = (
				1D10D7CA2A99896E00C0B7D7 /* Sources */,
				1D10D7CB2A99896E00C0B7D7 /* Frameworks */,
				1D10D7CC2A99896E00C0B7D7 /* Resources */,
			);
			buildRules = (
			);
			dependencies = (
			);
			name = RFBLDC;
			productName = RFBLDC;
			productReference = 1D10D7CE2A99896E00C0B7D7 /* RFBLDC.app */;
			productType = "com.apple.product-type.application";
		};
		1D10D7DD2A99897000C0B7D7 /* RFBLDCTests */ = {
			isa = PBXNativeTarget;
			buildConfigurationList = 1D10D7F52A99897000C0B7D7 /* Build configuration list for PBXNativeTarget "RFBLDCTests" */;
			buildPhases = (
				1D10D7DA2A99897000C0B7D7 /* Sources */,
				1D10D7DB2A99897000C0B7D7 /* Frameworks */,
				1D10D7DC2A99897000C0B7D7 /* Resources */,
			);
			buildRules = (
			);
			dependencies = (
				1D10D7E02A99897000C0B7D7 /* PBXTargetDependency */,
			);
			name = RFBLDCTests;
			productName = RFBLDCTests;
			productReference = 1D10D7DE2A99897000C0B7D7 /* RFBLDCTests.xctest */;
			productType = "com.apple.product-type.bundle.unit-test";
		};
		1D10D7E72A99897000C0B7D7 /* RFBLDCUITests */ = {
			isa = PBXNativeTarget;
			buildConfigurationList = 1D10D7F82A99897000C0B7D7 /* Build configuration list for PBXNativeTarget "RFBLDCUITests" */;
			buildPhases = (
				1D10D7E42A99897000C0B7D7 /* Sources */,
				1D10D7E52A99897000C0B7D7 /* Frameworks */,
				1D10D7E62A99897000C0B7D7 /* Resources */,
			);
			buildRules = (
			);
			dependencies = (
				1D10D7EA2A99897000C0B7D7 /* PBXTargetDependency */,
			);
			name = RFBLDCUITests;
			productName = RFBLDCUITests;
			productReference = 1D10D7E82A99897000C0B7D7 /* RFBLDCUITests.xctest */;
			productType = "com.apple.product-type.bundle.ui-testing";
		};
/* End PBXNativeTarget section */

/* Begin PBXProject section */
		1D10D7C62A99896E00C0B7D7 /* Project object */ = {
			isa = PBXProject;
			attributes = {
				BuildIndependentTargetsInParallel = 1;
				LastSwiftUpdateCheck = 1320;
				LastUpgradeCheck = 1320;
				TargetAttributes = {
					1D10D7CD2A99896E00C0B7D7 = {
						CreatedOnToolsVersion = 13.2.1;
					};
					1D10D7DD2A99897000C0B7D7 = {
						CreatedOnToolsVersion = 13.2.1;
						TestTargetID = 1D10D7CD2A99896E00C0B7D7;
					};
					1D10D7E72A99897000C0B7D7 = {
						CreatedOnToolsVersion = 13.2.1;
						TestTargetID = 1D10D7CD2A99896E00C0B7D7;
					};
				};
			};
			buildConfigurationList = 1D10D7C92A99896E00C0B7D7 /* Build configuration list for PBXProject "RFBLDC" */;
			compatibilityVersion = "Xcode 13.0";
			developmentRegion = en;
			hasScannedForEncodings = 0;
			knownRegions = (
				en,
				Base,
			);
			mainGroup = 1D10D7C52A99896E00C0B7D7;
			productRefGroup = 1D10D7CF2A99896E00C0B7D7 /* Products */;
			projectDirPath = "";
			projectRoot = "";
			targets = (
				1D10D7CD2A99896E00C0B7D7 /* RFBLDC */,
				1D10D7DD2A99897000C0B7D7 /* RFBLDCTests */,
				1D10D7E72A99897000C0B7D7 /* RFBLDCUITests */,
			);
		};
/* End PBXProject section */

/* Begin PBXResourcesBuildPhase section */
		1D10D7CC2A99896E00C0B7D7 /* Resources */ = {
			isa = PBXResourcesBuildPhase;
			buildActionMask = 2147483647;
			files = (
				1D10D7D92A99897000C0B7D7 /* Preview Assets.xcassets in Resources */,
				1D10D7D62A99897000C0B7D7 /* Assets.xcassets in Resources */,
			);
			runOnlyForDeploymentPostprocessing = 0;
		};
		1D10D7DC2A99897000C0B7D7 /* Resources */ = {
			isa = PBXResourcesBuildPhase;
			buildActionMask = 2147483647;
			files = (
			);
			runOnlyForDeploymentPostprocessing = 0;
		};
		1D10D7E62A99897000C0B7D7 /* Resources */ = {
			isa = PBXResourcesBuildPhase;
			buildActionMask = 2147483647;
			files = (
			);
			runOnlyForDeploymentPostprocessing = 0;
		};
/* End PBXResourcesBuildPhase section */

/* Begin PBXSourcesBuildPhase section */
		1D10D7CA2A99896E00C0B7D7 /* Sources */ = {
			isa = PBXSourcesBuildPhase;
			buildActionMask = 2147483647;
			files = (
				1D10D7D42A99896E00C0B7D7 /* ContentView.swift in Sources */,
				1D10D7D22A99896E00C0B7D7 /* RFBLDCApp.swift in Sources */,
				1DBA360C2AF7BB92006148D9 /* SplashScreenView.swift in Sources */,
			);
			runOnlyForDeploymentPostprocessing = 0;
		};
		1D10D7DA2A99897000C0B7D7 /* Sources */ = {
			isa = PBXSourcesBuildPhase;
			buildActionMask = 2147483647;
			files = (
				1D10D7E32A99897000C0B7D7 /* RFBLDCTests.swift in Sources */,
			);
			runOnlyForDeploymentPostprocessing = 0;
		};
		1D10D7E42A99897000C0B7D7 /* Sources */ = {
			isa = PBXSourcesBuildPhase;
			buildActionMask = 2147483647;
			files = (
				1D10D7ED2A99897000C0B7D7 /* RFBLDCUITests.swift in Sources */,
				1D10D7EF2A99897000C0B7D7 /* RFBLDCUITestsLaunchTests.swift in Sources */,
			);
			runOnlyForDeploymentPostprocessing = 0;
		};
/* End PBXSourcesBuildPhase section */

/* Begin PBXTargetDependency section */
		1D10D7E02A99897000C0B7D7 /* PBXTargetDependency */ = {
			isa = PBXTargetDependency;
			target = 1D10D7CD2A99896E00C0B7D7 /* RFBLDC */;
			targetProxy = 1D10D7DF2A99897000C0B7D7 /* PBXContainerItemProxy */;
		};
		1D10D7EA2A99897000C0B7D7 /* PBXTargetDependency */ = {
			isa = PBXTargetDependency;
			target = 1D10D7CD2A99896E00C0B7D7 /* RFBLDC */;
			targetProxy = 1D10D7E92A99897000C0B7D7 /* PBXContainerItemProxy */;
		};
/* End PBXTargetDependency section */

/* Begin XCBuildConfiguration section */
		1D10D7F02A99897000C0B7D7 /* Debug */ = {
			isa = XCBuildConfiguration;
			buildSettings = {
				ALWAYS_SEARCH_USER_PATHS = NO;
				CLANG_ANALYZER_NONNULL = YES;
				CLANG_ANALYZER_NUMBER_OBJECT_CONVERSION = YES_AGGRESSIVE;
				CLANG_CXX_LANGUAGE_STANDARD = "gnu++17";
				CLANG_CXX_LIBRARY = "libc++";
				CLANG_ENABLE_MODULES = YES;
				CLANG_ENABLE_OBJC_ARC = YES;
				CLANG_ENABLE_OBJC_WEAK = YES;
				CLANG_WARN_BLOCK_CAPTURE_AUTORELEASING = YES;
				CLANG_WARN_BOOL_CONVERSION = YES;
				CLANG_WARN_COMMA = YES;
				CLANG_WARN_CONSTANT_CONVERSION = YES;
				CLANG_WARN_DEPRECATED_OBJC_IMPLEMENTATIONS = YES;
				CLANG_WARN_DIRECT_OBJC_ISA_USAGE = YES_ERROR;
				CLANG_WARN_DOCUMENTATION_COMMENTS = YES;
				CLANG_WARN_EMPTY_BODY = YES;
				CLANG_WARN_ENUM_CONVERSION = YES;
				CLANG_WARN_INFINITE_RECURSION = YES;
				CLANG_WARN_INT_CONVERSION = YES;
				CLANG_WARN_NON_LITERAL_NULL_CONVERSION = YES;
				CLANG_WARN_OBJC_IMPLICIT_RETAIN_SELF = YES;
				CLANG_WARN_OBJC_LITERAL_CONVERSION = YES;
				CLANG_WARN_OBJC_ROOT_CLASS = YES_ERROR;
				CLANG_WARN_QUOTED_INCLUDE_IN_FRAMEWORK_HEADER = YES;
				CLANG_WARN_RANGE_LOOP_ANALYSIS = YES;
				CLANG_WARN_STRICT_PROTOTYPES = YES;
				CLANG_WARN_SUSPICIOUS_MOVE = YES;
				CLANG_WARN_UNGUARDED_AVAILABILITY = YES_AGGRESSIVE;
				CLANG_WARN_UNREACHABLE_CODE = YES;
				CLANG_WARN__DUPLICATE_METHOD_MATCH = YES;
				COPY_PHASE_STRIP = NO;
				DEBUG_INFORMATION_FORMAT = dwarf;
				ENABLE_STRICT_OBJC_MSGSEND = YES;
				ENABLE_TESTABILITY = YES;
				GCC_C_LANGUAGE_STANDARD = gnu11;
				GCC_DYNAMIC_NO_PIC = NO;
				GCC_NO_COMMON_BLOCKS = YES;
				GCC_OPTIMIZATION_LEVEL = 0;
				GCC_PREPROCESSOR_DEFINITIONS = (
					"DEBUG=1",
					"$(inherited)",
				);
				GCC_WARN_64_TO_32_BIT_CONVERSION = YES;
				GCC_WARN_ABOUT_RETURN_TYPE = YES_ERROR;
				GCC_WARN_UNDECLARED_SELECTOR = YES;
				GCC_WARN_UNINITIALIZED_AUTOS = YES_AGGRESSIVE;
				GCC_WARN_UNUSED_FUNCTION = YES;
				GCC_WARN_UNUSED_VARIABLE = YES;
				IPHONEOS_DEPLOYMENT_TARGET = 15.2;
				MTL_ENABLE_DEBUG_INFO = INCLUDE_SOURCE;
				MTL_FAST_MATH = YES;
				ONLY_ACTIVE_ARCH = YES;
				SDKROOT = iphoneos;
				SWIFT_ACTIVE_COMPILATION_CONDITIONS = DEBUG;
				SWIFT_OPTIMIZATION_LEVEL = "-Onone";
			};
			name = Debug;
		};
		1D10D7F12A99897000C0B7D7 /* Release */ = {
			isa = XCBuildConfiguration;
			buildSettings = {
				ALWAYS_SEARCH_USER_PATHS = NO;
				CLANG_ANALYZER_NONNULL = YES;
				CLANG_ANALYZER_NUMBER_OBJECT_CONVERSION = YES_AGGRESSIVE;
				CLANG_CXX_LANGUAGE_STANDARD = "gnu++17";
				CLANG_CXX_LIBRARY = "libc++";
				CLANG_ENABLE_MODULES = YES;
				CLANG_ENABLE_OBJC_ARC = YES;
				CLANG_ENABLE_OBJC_WEAK = YES;
				CLANG_WARN_BLOCK_CAPTURE_AUTORELEASING = YES;
				CLANG_WARN_BOOL_CONVERSION = YES;
				CLANG_WARN_COMMA = YES;
				CLANG_WARN_CONSTANT_CONVERSION = YES;
				CLANG_WARN_DEPRECATED_OBJC_IMPLEMENTATIONS = YES;
				CLANG_WARN_DIRECT_OBJC_ISA_USAGE = YES_ERROR;
				CLANG_WARN_DOCUMENTATION_COMMENTS = YES;
				CLANG_WARN_EMPTY_BODY = YES;
				CLANG_WARN_ENUM_CONVERSION = YES;
				CLANG_WARN_INFINITE_RECURSION = YES;
				CLANG_WARN_INT_CONVERSION = YES;
				CLANG_WARN_NON_LITERAL_NULL_CONVERSION = YES;
				CLANG_WARN_OBJC_IMPLICIT_RETAIN_SELF = YES;
				CLANG_WARN_OBJC_LITERAL_CONVERSION = YES;
				CLANG_WARN_OBJC_ROOT_CLASS = YES_ERROR;
				CLANG_WARN_QUOTED_INCLUDE_IN_FRAMEWORK_HEADER = YES;
				CLANG_WARN_RANGE_LOOP_ANALYSIS = YES;
				CLANG_WARN_STRICT_PROTOTYPES = YES;
				CLANG_WARN_SUSPICIOUS_MOVE = YES;
				CLANG_WARN_UNGUARDED_AVAILABILITY = YES_AGGRESSIVE;
				CLANG_WARN_UNREACHABLE_CODE = YES;
				CLANG_WARN__DUPLICATE_METHOD_MATCH = YES;
				COPY_PHASE_STRIP = NO;
				DEBUG_INFORMATION_FORMAT = "dwarf-with-dsym";
				ENABLE_NS_ASSERTIONS = NO;
				ENABLE_STRICT_OBJC_MSGSEND = YES;
				GCC_C_LANGUAGE_STANDARD = gnu11;
				GCC_NO_COMMON_BLOCKS = YES;
				GCC_WARN_64_TO_32_BIT_CONVERSION = YES;
				GCC_WARN_ABOUT_RETURN_TYPE = YES_ERROR;
				GCC_WARN_UNDECLARED_SELECTOR = YES;
				GCC_WARN_UNINITIALIZED_AUTOS = YES_AGGRESSIVE;
				GCC_WARN_UNUSED_FUNCTION = YES;
				GCC_WARN_UNUSED_VARIABLE = YES;
				IPHONEOS_DEPLOYMENT_TARGET = 15.2;
				MTL_ENABLE_DEBUG_INFO = NO;
				MTL_FAST_MATH = YES;
				SDKROOT = iphoneos;
				SWIFT_COMPILATION_MODE = wholemodule;
				SWIFT_OPTIMIZATION_LEVEL = "-O";
				VALIDATE_PRODUCT = YES;
			};
			name = Release;
		};
		1D10D7F32A99897000C0B7D7 /* Debug */ = {
			isa = XCBuildConfiguration;
			buildSettings = {
				ASSETCATALOG_COMPILER_APPICON_NAME = AppIcon;
				ASSETCATALOG_COMPILER_GLOBAL_ACCENT_COLOR_NAME = AccentColor;
				CODE_SIGN_STYLE = Automatic;
				CURRENT_PROJECT_VERSION = 1;
				DEVELOPMENT_ASSET_PATHS = "\"RFBLDC/Preview Content\"";
				DEVELOPMENT_TEAM = Q4JX2NJKU4;
				ENABLE_PREVIEWS = YES;
				GENERATE_INFOPLIST_FILE = YES;
				INFOPLIST_FILE = RFBLDC/Info.plist;
				INFOPLIST_KEY_CFBundleDisplayName = RadioFlyer;
				INFOPLIST_KEY_NSBluetoothAlwaysUsageDescription = "Alow this APP use Bluetooth?";
				INFOPLIST_KEY_UIApplicationSupportsIndirectInputEvents = YES;
				INFOPLIST_KEY_UISupportedInterfaceOrientations_iPad = "UIInterfaceOrientationPortrait UIInterfaceOrientationPortraitUpsideDown UIInterfaceOrientationLandscapeLeft UIInterfaceOrientationLandscapeRight";
				INFOPLIST_KEY_UISupportedInterfaceOrientations_iPhone = "UIInterfaceOrientationPortrait UIInterfaceOrientationLandscapeLeft UIInterfaceOrientationLandscapeRight";
				IPHONEOS_DEPLOYMENT_TARGET = 15.2;
				LD_RUNPATH_SEARCH_PATHS = (
					"$(inherited)",
					"@executable_path/Frameworks",
				);
				MARKETING_VERSION = 1.0;
				PRODUCT_BUNDLE_IDENTIFIER = Kevin.RFBLDC;
				PRODUCT_NAME = "$(TARGET_NAME)";
				SWIFT_EMIT_LOC_STRINGS = YES;
				SWIFT_VERSION = 5.0;
				TARGETED_DEVICE_FAMILY = "1,2";
			};
			name = Debug;
		};
		1D10D7F42A99897000C0B7D7 /* Release */ = {
			isa = XCBuildConfiguration;
			buildSettings = {
				ASSETCATALOG_COMPILER_APPICON_NAME = AppIcon;
				ASSETCATALOG_COMPILER_GLOBAL_ACCENT_COLOR_NAME = AccentColor;
				CODE_SIGN_STYLE = Automatic;
				CURRENT_PROJECT_VERSION = 1;
				DEVELOPMENT_ASSET_PATHS = "\"RFBLDC/Preview Content\"";
				DEVELOPMENT_TEAM = Q4JX2NJKU4;
				ENABLE_PREVIEWS = YES;
				GENERATE_INFOPLIST_FILE = YES;
				INFOPLIST_FILE = RFBLDC/Info.plist;
				INFOPLIST_KEY_CFBundleDisplayName = RadioFlyer;
				INFOPLIST_KEY_NSBluetoothAlwaysUsageDescription = "Alow this APP use Bluetooth?";
				INFOPLIST_KEY_UIApplicationSupportsIndirectInputEvents = YES;
				INFOPLIST_KEY_UISupportedInterfaceOrientations_iPad = "UIInterfaceOrientationPortrait UIInterfaceOrientationPortraitUpsideDown UIInterfaceOrientationLandscapeLeft UIInterfaceOrientationLandscapeRight";
				INFOPLIST_KEY_UISupportedInterfaceOrientations_iPhone = "UIInterfaceOrientationPortrait UIInterfaceOrientationLandscapeLeft UIInterfaceOrientationLandscapeRight";
				IPHONEOS_DEPLOYMENT_TARGET = 15.2;
				LD_RUNPATH_SEARCH_PATHS = (
					"$(inherited)",
					"@executable_path/Frameworks",
				);
				MARKETING_VERSION = 1.0;
				PRODUCT_BUNDLE_IDENTIFIER = Kevin.RFBLDC;
				PRODUCT_NAME = "$(TARGET_NAME)";
				SWIFT_EMIT_LOC_STRINGS = YES;
				SWIFT_VERSION = 5.0;
				TARGETED_DEVICE_FAMILY = "1,2";
			};
			name = Release;
		};
		1D10D7F62A99897000C0B7D7 /* Debug */ = {
			isa = XCBuildConfiguration;
			buildSettings = {
				ALWAYS_EMBED_SWIFT_STANDARD_LIBRARIES = YES;
				BUNDLE_LOADER = "$(TEST_HOST)";
				CODE_SIGN_STYLE = Automatic;
				CURRENT_PROJECT_VERSION = 1;
				GENERATE_INFOPLIST_FILE = YES;
				IPHONEOS_DEPLOYMENT_TARGET = 15.2;
				MARKETING_VERSION = 1.0;
				PRODUCT_BUNDLE_IDENTIFIER = Kevin.RFBLDCTests;
				PRODUCT_NAME = "$(TARGET_NAME)";
				SWIFT_EMIT_LOC_STRINGS = NO;
				SWIFT_VERSION = 5.0;
				TARGETED_DEVICE_FAMILY = "1,2";
				TEST_HOST = "$(BUILT_PRODUCTS_DIR)/RFBLDC.app/RFBLDC";
			};
			name = Debug;
		};
		1D10D7F72A99897000C0B7D7 /* Release */ = {
			isa = XCBuildConfiguration;
			buildSettings = {
				ALWAYS_EMBED_SWIFT_STANDARD_LIBRARIES = YES;
				BUNDLE_LOADER = "$(TEST_HOST)";
				CODE_SIGN_STYLE = Automatic;
				CURRENT_PROJECT_VERSION = 1;
				GENERATE_INFOPLIST_FILE = YES;
				IPHONEOS_DEPLOYMENT_TARGET = 15.2;
				MARKETING_VERSION = 1.0;
				PRODUCT_BUNDLE_IDENTIFIER = Kevin.RFBLDCTests;
				PRODUCT_NAME = "$(TARGET_NAME)";
				SWIFT_EMIT_LOC_STRINGS = NO;
				SWIFT_VERSION = 5.0;
				TARGETED_DEVICE_FAMILY = "1,2";
				TEST_HOST = "$(BUILT_PRODUCTS_DIR)/RFBLDC.app/RFBLDC";
			};
			name = Release;
		};
		1D10D7F92A99897000C0B7D7 /* Debug */ = {
			isa = XCBuildConfiguration;
			buildSettings = {
				ALWAYS_EMBED_SWIFT_STANDARD_LIBRARIES = YES;
				CODE_SIGN_STYLE = Automatic;
				CURRENT_PROJECT_VERSION = 1;
				GENERATE_INFOPLIST_FILE = YES;
				MARKETING_VERSION = 1.0;
				PRODUCT_BUNDLE_IDENTIFIER = Kevin.RFBLDCUITests;
				PRODUCT_NAME = "$(TARGET_NAME)";
				SWIFT_EMIT_LOC_STRINGS = NO;
				SWIFT_VERSION = 5.0;
				TARGETED_DEVICE_FAMILY = "1,2";
				TEST_TARGET_NAME = RFBLDC;
			};
			name = Debug;
		};
		1D10D7FA2A99897000C0B7D7 /* Release */ = {
			isa = XCBuildConfiguration;
			buildSettings = {
				ALWAYS_EMBED_SWIFT_STANDARD_LIBRARIES = YES;
				CODE_SIGN_STYLE = Automatic;
				CURRENT_PROJECT_VERSION = 1;
				GENERATE_INFOPLIST_FILE = YES;
				MARKETING_VERSION = 1.0;
				PRODUCT_BUNDLE_IDENTIFIER = Kevin.RFBLDCUITests;
				PRODUCT_NAME = "$(TARGET_NAME)";
				SWIFT_EMIT_LOC_STRINGS = NO;
				SWIFT_VERSION = 5.0;
				TARGETED_DEVICE_FAMILY = "1,2";
				TEST_TARGET_NAME = RFBLDC;
			};
			name = Release;
		};
/* End XCBuildConfiguration section */

/* Begin XCConfigurationList section */
		1D10D7C92A99896E00C0B7D7 /* Build configuration list for PBXProject "RFBLDC" */ = {
			isa = XCConfigurationList;
			buildConfigurations = (
				1D10D7F02A99897000C0B7D7 /* Debug */,
				1D10D7F12A99897000C0B7D7 /* Release */,
			);
			defaultConfigurationIsVisible = 0;
			defaultConfigurationName = Release;
		};
		1D10D7F22A99897000C0B7D7 /* Build configuration list for PBXNativeTarget "RFBLDC" */ = {
			isa = XCConfigurationList;
			buildConfigurations = (
				1D10D7F32A99897000C0B7D7 /* Debug */,
				1D10D7F42A99897000C0B7D7 /* Release */,
			);
			defaultConfigurationIsVisible = 0;
			defaultConfigurationName = Release;
		};
		1D10D7F52A99897000C0B7D7 /* Build configuration list for PBXNativeTarget "RFBLDCTests" */ = {
			isa = XCConfigurationList;
			buildConfigurations = (
				1D10D7F62A99897000C0B7D7 /* Debug */,
				1D10D7F72A99897000C0B7D7 /* Release */,
			);
			defaultConfigurationIsVisible = 0;
			defaultConfigurationName = Release;
		};
		1D10D7F82A99897000C0B7D7 /* Build configuration list for PBXNativeTarget "RFBLDCUITests" */ = {
			isa = XCConfigurationList;
			buildConfigurations = (
				1D10D7F92A99897000C0B7D7 /* Debug */,
				1D10D7FA2A99897000C0B7D7 /* Release */,
			);
			defaultConfigurationIsVisible = 0;
			defaultConfigurationName = Release;
		};
/* End XCConfigurationList section */
	};
	rootObject = 1D10D7C62A99896E00C0B7D7 /* Project object */;
}
